// !$*UTF8*$!
{
	archiveVersion = 1;
	classes = {
	};
	objectVersion = 55;
	objects = {

/* Begin PBXBuildFile section */
		22BC72D12E0BFD9AA63DC8EE /* Pods_MasCover_iOS.framework in Frameworks */ = {isa = PBXBuildFile; fileRef = 8ECD85BF2F1B5DEE9AB84174 /* Pods_MasCover_iOS.framework */; };
		9C223CB828F73B1F008F156A /* AppDelegate.swift in Sources */ = {isa = PBXBuildFile; fileRef = 9C223CB728F73B1F008F156A /* AppDelegate.swift */; };
		9C223CBA28F73B1F008F156A /* SceneDelegate.swift in Sources */ = {isa = PBXBuildFile; fileRef = 9C223CB928F73B1F008F156A /* SceneDelegate.swift */; };
		9C223CBC28F73B1F008F156A /* ViewController.swift in Sources */ = {isa = PBXBuildFile; fileRef = 9C223CBB28F73B1F008F156A /* ViewController.swift */; };
		9C223CBF28F73B1F008F156A /* Main.storyboard in Resources */ = {isa = PBXBuildFile; fileRef = 9C223CBD28F73B1F008F156A /* Main.storyboard */; };
		9C223CC228F73B1F008F156A /* MasCover_iOS.xcdatamodeld in Sources */ = {isa = PBXBuildFile; fileRef = 9C223CC028F73B1F008F156A /* MasCover_iOS.xcdatamodeld */; };
		9C223CC428F73B23008F156A /* Assets.xcassets in Resources */ = {isa = PBXBuildFile; fileRef = 9C223CC328F73B23008F156A /* Assets.xcassets */; };
		9C223CC728F73B23008F156A /* LaunchScreen.storyboard in Resources */ = {isa = PBXBuildFile; fileRef = 9C223CC528F73B23008F156A /* LaunchScreen.storyboard */; };
		9C223CD228F73B23008F156A /* MasCover_iOSTests.swift in Sources */ = {isa = PBXBuildFile; fileRef = 9C223CD128F73B23008F156A /* MasCover_iOSTests.swift */; };
		9C223CDC28F73B23008F156A /* MasCover_iOSUITests.swift in Sources */ = {isa = PBXBuildFile; fileRef = 9C223CDB28F73B23008F156A /* MasCover_iOSUITests.swift */; };
		9C223CDE28F73B23008F156A /* MasCover_iOSUITestsLaunchTests.swift in Sources */ = {isa = PBXBuildFile; fileRef = 9C223CDD28F73B23008F156A /* MasCover_iOSUITestsLaunchTests.swift */; };
		9C223CEB28F73B7E008F156A /* GoogleService-Info.plist in Resources */ = {isa = PBXBuildFile; fileRef = 9C223CEA28F73B7E008F156A /* GoogleService-Info.plist */; };
		9C223CEE28F75679008F156A /* FirebaseCrashlytics in Frameworks */ = {isa = PBXBuildFile; productRef = 9C223CED28F75679008F156A /* FirebaseCrashlytics */; };
		9C223CF028F75679008F156A /* FirebaseFirestore in Frameworks */ = {isa = PBXBuildFile; productRef = 9C223CEF28F75679008F156A /* FirebaseFirestore */; };
		9C223CF228F75679008F156A /* FirebaseStorage in Frameworks */ = {isa = PBXBuildFile; productRef = 9C223CF128F75679008F156A /* FirebaseStorage */; };
		9C4A8C0E290D851000E76856 /* FavoriteViewController.swift in Sources */ = {isa = PBXBuildFile; fileRef = 9C4A8C0C290D851000E76856 /* FavoriteViewController.swift */; };
		9C4A8C0F290D851000E76856 /* FavoriteViewController.xib in Resources */ = {isa = PBXBuildFile; fileRef = 9C4A8C0D290D851000E76856 /* FavoriteViewController.xib */; };
		9C4A8C13290EA10400E76856 /* YellowScreenViewController.swift in Sources */ = {isa = PBXBuildFile; fileRef = 9C4A8C11290EA10400E76856 /* YellowScreenViewController.swift */; };
		9C4A8C14290EA10400E76856 /* YellowScreenViewController.xib in Resources */ = {isa = PBXBuildFile; fileRef = 9C4A8C12290EA10400E76856 /* YellowScreenViewController.xib */; };
		9C696BCE28F7715D0082EC40 /* mandarin_regular.ttf in Resources */ = {isa = PBXBuildFile; fileRef = 9C696BCD28F7715D0082EC40 /* mandarin_regular.ttf */; };
		9C696BD328FAB42A0082EC40 /* favourite.json in Resources */ = {isa = PBXBuildFile; fileRef = 9C696BD028FAB42A0082EC40 /* favourite.json */; };
		9C696BD428FAB42A0082EC40 /* loading.json in Resources */ = {isa = PBXBuildFile; fileRef = 9C696BD128FAB42A0082EC40 /* loading.json */; };
		9C696BD528FAB42A0082EC40 /* down.json in Resources */ = {isa = PBXBuildFile; fileRef = 9C696BD228FAB42A0082EC40 /* down.json */; };
		9C696BD828FAFF5E0082EC40 /* UIViewExtension.swift in Sources */ = {isa = PBXBuildFile; fileRef = 9C696BD728FAFF5D0082EC40 /* UIViewExtension.swift */; };
		9C696BDD28FC81660082EC40 /* HomeViewController.swift in Sources */ = {isa = PBXBuildFile; fileRef = 9C696BDB28FC81650082EC40 /* HomeViewController.swift */; };
		9C696BDE28FC81660082EC40 /* HomeViewController.xib in Resources */ = {isa = PBXBuildFile; fileRef = 9C696BDC28FC81650082EC40 /* HomeViewController.xib */; };
		9C9C8420290F0BE700EE0C42 /* DetailViewController.swift in Sources */ = {isa = PBXBuildFile; fileRef = 9CC951872905B54F00A13709 /* DetailViewController.swift */; };
		9CC951702902F36B00A13709 /* Categorie.swift in Sources */ = {isa = PBXBuildFile; fileRef = 9CC9516F2902F36B00A13709 /* Categorie.swift */; };
		9CC951732903062700A13709 /* CategorieCell.swift in Sources */ = {isa = PBXBuildFile; fileRef = 9CC951712903062700A13709 /* CategorieCell.swift */; };
		9CC951742903062700A13709 /* CategorieCell.xib in Resources */ = {isa = PBXBuildFile; fileRef = 9CC951722903062700A13709 /* CategorieCell.xib */; };
		9CC9517829035C6B00A13709 /* WallpapersViewController.swift in Sources */ = {isa = PBXBuildFile; fileRef = 9CC9517629035C6B00A13709 /* WallpapersViewController.swift */; };
		9CC9517929035C6B00A13709 /* WallpapersViewController.xib in Resources */ = {isa = PBXBuildFile; fileRef = 9CC9517729035C6B00A13709 /* WallpapersViewController.xib */; };
		9CC9518029055C4700A13709 /* Wallpaper.swift in Sources */ = {isa = PBXBuildFile; fileRef = 9CC9517F29055C4700A13709 /* Wallpaper.swift */; };
		9CC95184290560FC00A13709 /* CustomWallpaperCell.swift in Sources */ = {isa = PBXBuildFile; fileRef = 9CC95182290560FC00A13709 /* CustomWallpaperCell.swift */; };
		9CC95185290560FC00A13709 /* CustomWallpaperCell.xib in Resources */ = {isa = PBXBuildFile; fileRef = 9CC95183290560FC00A13709 /* CustomWallpaperCell.xib */; };
		9CC9518A2905B54F00A13709 /* DetailViewController.xib in Resources */ = {isa = PBXBuildFile; fileRef = 9CC951882905B54F00A13709 /* DetailViewController.xib */; };
		9CE91F9B290D780700D70B8C /* SettingViewController.swift in Sources */ = {isa = PBXBuildFile; fileRef = 9CE91F99290D780700D70B8C /* SettingViewController.swift */; };
		9CE91F9C290D780700D70B8C /* SettingViewController.xib in Resources */ = {isa = PBXBuildFile; fileRef = 9CE91F9A290D780700D70B8C /* SettingViewController.xib */; };
		A931BC3A2AC727A5B9734FE9 /* Pods_MasCover_iOSTests.framework in Frameworks */ = {isa = PBXBuildFile; fileRef = 7509280C7B38B0604E6C7403 /* Pods_MasCover_iOSTests.framework */; };
		F5639731508A1E2E0D6C8D48 /* Pods_MasCover_iOS_MasCover_iOSUITests.framework in Frameworks */ = {isa = PBXBuildFile; fileRef = D7777D1DDC9724AA9D955525 /* Pods_MasCover_iOS_MasCover_iOSUITests.framework */; };
/* End PBXBuildFile section */

/* Begin PBXContainerItemProxy section */
		9C223CCE28F73B23008F156A /* PBXContainerItemProxy */ = {
			isa = PBXContainerItemProxy;
			containerPortal = 9C223CAC28F73B1F008F156A /* Project object */;
			proxyType = 1;
			remoteGlobalIDString = 9C223CB328F73B1F008F156A;
			remoteInfo = "MasCover-iOS";
		};
		9C223CD828F73B23008F156A /* PBXContainerItemProxy */ = {
			isa = PBXContainerItemProxy;
			containerPortal = 9C223CAC28F73B1F008F156A /* Project object */;
			proxyType = 1;
			remoteGlobalIDString = 9C223CB328F73B1F008F156A;
			remoteInfo = "MasCover-iOS";
		};
/* End PBXContainerItemProxy section */

/* Begin PBXFileReference section */
		23F26B9F9DF300677DC946FC /* Pods-MasCover-iOSTests.release.xcconfig */ = {isa = PBXFileReference; includeInIndex = 1; lastKnownFileType = text.xcconfig; name = "Pods-MasCover-iOSTests.release.xcconfig"; path = "Target Support Files/Pods-MasCover-iOSTests/Pods-MasCover-iOSTests.release.xcconfig"; sourceTree = "<group>"; };
		494C942A9F39314B1C162D3F /* Pods-MasCover-iOS-MasCover-iOSUITests.release.xcconfig */ = {isa = PBXFileReference; includeInIndex = 1; lastKnownFileType = text.xcconfig; name = "Pods-MasCover-iOS-MasCover-iOSUITests.release.xcconfig"; path = "Target Support Files/Pods-MasCover-iOS-MasCover-iOSUITests/Pods-MasCover-iOS-MasCover-iOSUITests.release.xcconfig"; sourceTree = "<group>"; };
		4FAAFE7028D6791F65FA294B /* Pods-MasCover-iOS-MasCover-iOSUITests.debug.xcconfig */ = {isa = PBXFileReference; includeInIndex = 1; lastKnownFileType = text.xcconfig; name = "Pods-MasCover-iOS-MasCover-iOSUITests.debug.xcconfig"; path = "Target Support Files/Pods-MasCover-iOS-MasCover-iOSUITests/Pods-MasCover-iOS-MasCover-iOSUITests.debug.xcconfig"; sourceTree = "<group>"; };
		60D70581B0095AA047FEE1DA /* Pods-MasCover-iOS.release.xcconfig */ = {isa = PBXFileReference; includeInIndex = 1; lastKnownFileType = text.xcconfig; name = "Pods-MasCover-iOS.release.xcconfig"; path = "Target Support Files/Pods-MasCover-iOS/Pods-MasCover-iOS.release.xcconfig"; sourceTree = "<group>"; };
		7509280C7B38B0604E6C7403 /* Pods_MasCover_iOSTests.framework */ = {isa = PBXFileReference; explicitFileType = wrapper.framework; includeInIndex = 0; path = Pods_MasCover_iOSTests.framework; sourceTree = BUILT_PRODUCTS_DIR; };
		8ECD85BF2F1B5DEE9AB84174 /* Pods_MasCover_iOS.framework */ = {isa = PBXFileReference; explicitFileType = wrapper.framework; includeInIndex = 0; path = Pods_MasCover_iOS.framework; sourceTree = BUILT_PRODUCTS_DIR; };
		9BC069E26A494AD98A2E3AE6 /* Pods-MasCover-iOSTests.debug.xcconfig */ = {isa = PBXFileReference; includeInIndex = 1; lastKnownFileType = text.xcconfig; name = "Pods-MasCover-iOSTests.debug.xcconfig"; path = "Target Support Files/Pods-MasCover-iOSTests/Pods-MasCover-iOSTests.debug.xcconfig"; sourceTree = "<group>"; };
		9C223CB428F73B1F008F156A /* Mas Cover.app */ = {isa = PBXFileReference; explicitFileType = wrapper.application; includeInIndex = 0; path = "Mas Cover.app"; sourceTree = BUILT_PRODUCTS_DIR; };
		9C223CB728F73B1F008F156A /* AppDelegate.swift */ = {isa = PBXFileReference; lastKnownFileType = sourcecode.swift; path = AppDelegate.swift; sourceTree = "<group>"; };
		9C223CB928F73B1F008F156A /* SceneDelegate.swift */ = {isa = PBXFileReference; lastKnownFileType = sourcecode.swift; path = SceneDelegate.swift; sourceTree = "<group>"; };
		9C223CBB28F73B1F008F156A /* ViewController.swift */ = {isa = PBXFileReference; lastKnownFileType = sourcecode.swift; path = ViewController.swift; sourceTree = "<group>"; };
		9C223CBE28F73B1F008F156A /* Base */ = {isa = PBXFileReference; lastKnownFileType = file.storyboard; name = Base; path = Base.lproj/Main.storyboard; sourceTree = "<group>"; };
		9C223CC128F73B1F008F156A /* MasCover_iOS.xcdatamodel */ = {isa = PBXFileReference; lastKnownFileType = wrapper.xcdatamodel; path = MasCover_iOS.xcdatamodel; sourceTree = "<group>"; };
		9C223CC328F73B23008F156A /* Assets.xcassets */ = {isa = PBXFileReference; lastKnownFileType = folder.assetcatalog; path = Assets.xcassets; sourceTree = "<group>"; };
		9C223CC628F73B23008F156A /* Base */ = {isa = PBXFileReference; lastKnownFileType = file.storyboard; name = Base; path = Base.lproj/LaunchScreen.storyboard; sourceTree = "<group>"; };
		9C223CC828F73B23008F156A /* Info.plist */ = {isa = PBXFileReference; lastKnownFileType = text.plist.xml; path = Info.plist; sourceTree = "<group>"; };
		9C223CCD28F73B23008F156A /* MasCover-iOSTests.xctest */ = {isa = PBXFileReference; explicitFileType = wrapper.cfbundle; includeInIndex = 0; path = "MasCover-iOSTests.xctest"; sourceTree = BUILT_PRODUCTS_DIR; };
		9C223CD128F73B23008F156A /* MasCover_iOSTests.swift */ = {isa = PBXFileReference; lastKnownFileType = sourcecode.swift; path = MasCover_iOSTests.swift; sourceTree = "<group>"; };
		9C223CD728F73B23008F156A /* MasCover-iOSUITests.xctest */ = {isa = PBXFileReference; explicitFileType = wrapper.cfbundle; includeInIndex = 0; path = "MasCover-iOSUITests.xctest"; sourceTree = BUILT_PRODUCTS_DIR; };
		9C223CDB28F73B23008F156A /* MasCover_iOSUITests.swift */ = {isa = PBXFileReference; lastKnownFileType = sourcecode.swift; path = MasCover_iOSUITests.swift; sourceTree = "<group>"; };
		9C223CDD28F73B23008F156A /* MasCover_iOSUITestsLaunchTests.swift */ = {isa = PBXFileReference; lastKnownFileType = sourcecode.swift; path = MasCover_iOSUITestsLaunchTests.swift; sourceTree = "<group>"; };
		9C223CEA28F73B7E008F156A /* GoogleService-Info.plist */ = {isa = PBXFileReference; fileEncoding = 4; lastKnownFileType = text.plist.xml; path = "GoogleService-Info.plist"; sourceTree = "<group>"; };
		9C4A8C0C290D851000E76856 /* FavoriteViewController.swift */ = {isa = PBXFileReference; lastKnownFileType = sourcecode.swift; path = FavoriteViewController.swift; sourceTree = "<group>"; };
		9C4A8C0D290D851000E76856 /* FavoriteViewController.xib */ = {isa = PBXFileReference; lastKnownFileType = file.xib; path = FavoriteViewController.xib; sourceTree = "<group>"; };
		9C4A8C11290EA10400E76856 /* YellowScreenViewController.swift */ = {isa = PBXFileReference; lastKnownFileType = sourcecode.swift; path = YellowScreenViewController.swift; sourceTree = "<group>"; };
		9C4A8C12290EA10400E76856 /* YellowScreenViewController.xib */ = {isa = PBXFileReference; lastKnownFileType = file.xib; path = YellowScreenViewController.xib; sourceTree = "<group>"; };
		9C696BCD28F7715D0082EC40 /* mandarin_regular.ttf */ = {isa = PBXFileReference; lastKnownFileType = file; path = mandarin_regular.ttf; sourceTree = "<group>"; };
		9C696BD028FAB42A0082EC40 /* favourite.json */ = {isa = PBXFileReference; fileEncoding = 4; lastKnownFileType = text.json; path = favourite.json; sourceTree = "<group>"; };
		9C696BD128FAB42A0082EC40 /* loading.json */ = {isa = PBXFileReference; fileEncoding = 4; lastKnownFileType = text.json; path = loading.json; sourceTree = "<group>"; };
		9C696BD228FAB42A0082EC40 /* down.json */ = {isa = PBXFileReference; fileEncoding = 4; lastKnownFileType = text.json; path = down.json; sourceTree = "<group>"; };
		9C696BD728FAFF5D0082EC40 /* UIViewExtension.swift */ = {isa = PBXFileReference; lastKnownFileType = sourcecode.swift; path = UIViewExtension.swift; sourceTree = "<group>"; };
		9C696BDB28FC81650082EC40 /* HomeViewController.swift */ = {isa = PBXFileReference; lastKnownFileType = sourcecode.swift; path = HomeViewController.swift; sourceTree = "<group>"; };
		9C696BDC28FC81650082EC40 /* HomeViewController.xib */ = {isa = PBXFileReference; lastKnownFileType = file.xib; path = HomeViewController.xib; sourceTree = "<group>"; };
		9CC9516F2902F36B00A13709 /* Categorie.swift */ = {isa = PBXFileReference; lastKnownFileType = sourcecode.swift; path = Categorie.swift; sourceTree = "<group>"; };
		9CC951712903062700A13709 /* CategorieCell.swift */ = {isa = PBXFileReference; lastKnownFileType = sourcecode.swift; path = CategorieCell.swift; sourceTree = "<group>"; };
		9CC951722903062700A13709 /* CategorieCell.xib */ = {isa = PBXFileReference; lastKnownFileType = file.xib; path = CategorieCell.xib; sourceTree = "<group>"; };
		9CC9517629035C6B00A13709 /* WallpapersViewController.swift */ = {isa = PBXFileReference; lastKnownFileType = sourcecode.swift; path = WallpapersViewController.swift; sourceTree = "<group>"; };
		9CC9517729035C6B00A13709 /* WallpapersViewController.xib */ = {isa = PBXFileReference; lastKnownFileType = file.xib; path = WallpapersViewController.xib; sourceTree = "<group>"; };
		9CC9517F29055C4700A13709 /* Wallpaper.swift */ = {isa = PBXFileReference; lastKnownFileType = sourcecode.swift; path = Wallpaper.swift; sourceTree = "<group>"; };
		9CC95182290560FC00A13709 /* CustomWallpaperCell.swift */ = {isa = PBXFileReference; lastKnownFileType = sourcecode.swift; path = CustomWallpaperCell.swift; sourceTree = "<group>"; };
		9CC95183290560FC00A13709 /* CustomWallpaperCell.xib */ = {isa = PBXFileReference; lastKnownFileType = file.xib; path = CustomWallpaperCell.xib; sourceTree = "<group>"; };
		9CC951872905B54F00A13709 /* DetailViewController.swift */ = {isa = PBXFileReference; lastKnownFileType = sourcecode.swift; path = DetailViewController.swift; sourceTree = "<group>"; };
		9CC951882905B54F00A13709 /* DetailViewController.xib */ = {isa = PBXFileReference; lastKnownFileType = file.xib; path = DetailViewController.xib; sourceTree = "<group>"; };
		9CE91F99290D780700D70B8C /* SettingViewController.swift */ = {isa = PBXFileReference; lastKnownFileType = sourcecode.swift; path = SettingViewController.swift; sourceTree = "<group>"; };
		9CE91F9A290D780700D70B8C /* SettingViewController.xib */ = {isa = PBXFileReference; lastKnownFileType = file.xib; path = SettingViewController.xib; sourceTree = "<group>"; };
		D25B75957EFF9952EEAAF0D6 /* Pods-MasCover-iOS.debug.xcconfig */ = {isa = PBXFileReference; includeInIndex = 1; lastKnownFileType = text.xcconfig; name = "Pods-MasCover-iOS.debug.xcconfig"; path = "Target Support Files/Pods-MasCover-iOS/Pods-MasCover-iOS.debug.xcconfig"; sourceTree = "<group>"; };
		D7777D1DDC9724AA9D955525 /* Pods_MasCover_iOS_MasCover_iOSUITests.framework */ = {isa = PBXFileReference; explicitFileType = wrapper.framework; includeInIndex = 0; path = Pods_MasCover_iOS_MasCover_iOSUITests.framework; sourceTree = BUILT_PRODUCTS_DIR; };
/* End PBXFileReference section */

/* Begin PBXFrameworksBuildPhase section */
		9C223CB128F73B1F008F156A /* Frameworks */ = {
			isa = PBXFrameworksBuildPhase;
			buildActionMask = 2147483647;
			files = (
				9C223CEE28F75679008F156A /* FirebaseCrashlytics in Frameworks */,
				9C223CF028F75679008F156A /* FirebaseFirestore in Frameworks */,
				9C223CF228F75679008F156A /* FirebaseStorage in Frameworks */,
				22BC72D12E0BFD9AA63DC8EE /* Pods_MasCover_iOS.framework in Frameworks */,
			);
			runOnlyForDeploymentPostprocessing = 0;
		};
		9C223CCA28F73B23008F156A /* Frameworks */ = {
			isa = PBXFrameworksBuildPhase;
			buildActionMask = 2147483647;
			files = (
				A931BC3A2AC727A5B9734FE9 /* Pods_MasCover_iOSTests.framework in Frameworks */,
			);
			runOnlyForDeploymentPostprocessing = 0;
		};
		9C223CD428F73B23008F156A /* Frameworks */ = {
			isa = PBXFrameworksBuildPhase;
			buildActionMask = 2147483647;
			files = (
				F5639731508A1E2E0D6C8D48 /* Pods_MasCover_iOS_MasCover_iOSUITests.framework in Frameworks */,
			);
			runOnlyForDeploymentPostprocessing = 0;
		};
/* End PBXFrameworksBuildPhase section */

/* Begin PBXGroup section */
		9C223CAB28F73B1F008F156A = {
			isa = PBXGroup;
			children = (
				9C223CB628F73B1F008F156A /* MasCover-iOS */,
				9C223CD028F73B23008F156A /* MasCover-iOSTests */,
				9C223CDA28F73B23008F156A /* MasCover-iOSUITests */,
				9C223CB528F73B1F008F156A /* Products */,
				F02E58911E07537706321CAF /* Pods */,
				BD79D4E8DB3D26CF7C20A135 /* Frameworks */,
			);
			sourceTree = "<group>";
		};
		9C223CB528F73B1F008F156A /* Products */ = {
			isa = PBXGroup;
			children = (
				9C223CB428F73B1F008F156A /* Mas Cover.app */,
				9C223CCD28F73B23008F156A /* MasCover-iOSTests.xctest */,
				9C223CD728F73B23008F156A /* MasCover-iOSUITests.xctest */,
			);
			name = Products;
			sourceTree = "<group>";
		};
		9C223CB628F73B1F008F156A /* MasCover-iOS */ = {
			isa = PBXGroup;
			children = (
				9CC9516E2902F35F00A13709 /* model */,
				9C696BD928FC80FE0082EC40 /* ui */,
				9C696BD628FAFF3A0082EC40 /* extension */,
				9C696BCF28FAB4180082EC40 /* animation */,
				9C696BCC28F7715D0082EC40 /* font */,
				9C223CEA28F73B7E008F156A /* GoogleService-Info.plist */,
				9C223CB728F73B1F008F156A /* AppDelegate.swift */,
				9C223CB928F73B1F008F156A /* SceneDelegate.swift */,
				9C223CBB28F73B1F008F156A /* ViewController.swift */,
				9C223CBD28F73B1F008F156A /* Main.storyboard */,
				9C223CC328F73B23008F156A /* Assets.xcassets */,
				9C223CC528F73B23008F156A /* LaunchScreen.storyboard */,
				9C223CC828F73B23008F156A /* Info.plist */,
				9C223CC028F73B1F008F156A /* MasCover_iOS.xcdatamodeld */,
			);
			path = "MasCover-iOS";
			sourceTree = "<group>";
		};
		9C223CD028F73B23008F156A /* MasCover-iOSTests */ = {
			isa = PBXGroup;
			children = (
				9C223CD128F73B23008F156A /* MasCover_iOSTests.swift */,
			);
			path = "MasCover-iOSTests";
			sourceTree = "<group>";
		};
		9C223CDA28F73B23008F156A /* MasCover-iOSUITests */ = {
			isa = PBXGroup;
			children = (
				9C223CDB28F73B23008F156A /* MasCover_iOSUITests.swift */,
				9C223CDD28F73B23008F156A /* MasCover_iOSUITestsLaunchTests.swift */,
			);
			path = "MasCover-iOSUITests";
			sourceTree = "<group>";
		};
		9C4A8C0B290D850100E76856 /* favorite */ = {
			isa = PBXGroup;
			children = (
				9C4A8C0C290D851000E76856 /* FavoriteViewController.swift */,
				9C4A8C0D290D851000E76856 /* FavoriteViewController.xib */,
			);
			path = favorite;
			sourceTree = "<group>";
		};
		9C4A8C10290EA0F100E76856 /* yellowScreen */ = {
			isa = PBXGroup;
			children = (
				9C4A8C11290EA10400E76856 /* YellowScreenViewController.swift */,
				9C4A8C12290EA10400E76856 /* YellowScreenViewController.xib */,
			);
			path = yellowScreen;
			sourceTree = "<group>";
		};
		9C4BE12A290824EB00246F31 /* setting */ = {
			isa = PBXGroup;
			children = (
				9CE91F99290D780700D70B8C /* SettingViewController.swift */,
				9CE91F9A290D780700D70B8C /* SettingViewController.xib */,
			);
			path = setting;
			sourceTree = "<group>";
		};
		9C696BCC28F7715D0082EC40 /* font */ = {
			isa = PBXGroup;
			children = (
				9C696BCD28F7715D0082EC40 /* mandarin_regular.ttf */,
			);
			path = font;
			sourceTree = "<group>";
		};
		9C696BCF28FAB4180082EC40 /* animation */ = {
			isa = PBXGroup;
			children = (
				9C696BD228FAB42A0082EC40 /* down.json */,
				9C696BD028FAB42A0082EC40 /* favourite.json */,
				9C696BD128FAB42A0082EC40 /* loading.json */,
			);
			path = animation;
			sourceTree = "<group>";
		};
		9C696BD628FAFF3A0082EC40 /* extension */ = {
			isa = PBXGroup;
			children = (
				9C696BD728FAFF5D0082EC40 /* UIViewExtension.swift */,
			);
			path = extension;
			sourceTree = "<group>";
		};
		9C696BD928FC80FE0082EC40 /* ui */ = {
			isa = PBXGroup;
			children = (
				9C4A8C10290EA0F100E76856 /* yellowScreen */,
				9C4A8C0B290D850100E76856 /* favorite */,
				9C4BE12A290824EB00246F31 /* setting */,
				9CC951862905B4F300A13709 /* detail */,
				9CC9517529035C4300A13709 /* wallpapers */,
				9C696BDA28FC81050082EC40 /* home */,
			);
			path = ui;
			sourceTree = "<group>";
		};
		9C696BDA28FC81050082EC40 /* home */ = {
			isa = PBXGroup;
			children = (
				9CC951692902EC8100A13709 /* catagerie cell */,
				9C696BDB28FC81650082EC40 /* HomeViewController.swift */,
				9C696BDC28FC81650082EC40 /* HomeViewController.xib */,
			);
			path = home;
			sourceTree = "<group>";
		};
		9CC951692902EC8100A13709 /* catagerie cell */ = {
			isa = PBXGroup;
			children = (
				9CC951712903062700A13709 /* CategorieCell.swift */,
				9CC951722903062700A13709 /* CategorieCell.xib */,
			);
			path = "catagerie cell";
			sourceTree = "<group>";
		};
		9CC9516E2902F35F00A13709 /* model */ = {
			isa = PBXGroup;
			children = (
				9CC9516F2902F36B00A13709 /* Categorie.swift */,
				9CC9517F29055C4700A13709 /* Wallpaper.swift */,
			);
			path = model;
			sourceTree = "<group>";
		};
		9CC9517529035C4300A13709 /* wallpapers */ = {
			isa = PBXGroup;
			children = (
				9CC9517A2905586D00A13709 /* wallpaper cell */,
				9CC9517629035C6B00A13709 /* WallpapersViewController.swift */,
				9CC9517729035C6B00A13709 /* WallpapersViewController.xib */,
			);
			path = wallpapers;
			sourceTree = "<group>";
		};
		9CC9517A2905586D00A13709 /* wallpaper cell */ = {
			isa = PBXGroup;
			children = (
				9CC95182290560FC00A13709 /* CustomWallpaperCell.swift */,
				9CC95183290560FC00A13709 /* CustomWallpaperCell.xib */,
			);
			path = "wallpaper cell";
			sourceTree = "<group>";
		};
		9CC951862905B4F300A13709 /* detail */ = {
			isa = PBXGroup;
			children = (
				9CC951872905B54F00A13709 /* DetailViewController.swift */,
				9CC951882905B54F00A13709 /* DetailViewController.xib */,
			);
			path = detail;
			sourceTree = "<group>";
		};
		BD79D4E8DB3D26CF7C20A135 /* Frameworks */ = {
			isa = PBXGroup;
			children = (
				8ECD85BF2F1B5DEE9AB84174 /* Pods_MasCover_iOS.framework */,
				D7777D1DDC9724AA9D955525 /* Pods_MasCover_iOS_MasCover_iOSUITests.framework */,
				7509280C7B38B0604E6C7403 /* Pods_MasCover_iOSTests.framework */,
			);
			name = Frameworks;
			sourceTree = "<group>";
		};
		F02E58911E07537706321CAF /* Pods */ = {
			isa = PBXGroup;
			children = (
				D25B75957EFF9952EEAAF0D6 /* Pods-MasCover-iOS.debug.xcconfig */,
				60D70581B0095AA047FEE1DA /* Pods-MasCover-iOS.release.xcconfig */,
				4FAAFE7028D6791F65FA294B /* Pods-MasCover-iOS-MasCover-iOSUITests.debug.xcconfig */,
				494C942A9F39314B1C162D3F /* Pods-MasCover-iOS-MasCover-iOSUITests.release.xcconfig */,
				9BC069E26A494AD98A2E3AE6 /* Pods-MasCover-iOSTests.debug.xcconfig */,
				23F26B9F9DF300677DC946FC /* Pods-MasCover-iOSTests.release.xcconfig */,
			);
			path = Pods;
			sourceTree = "<group>";
		};
/* End PBXGroup section */

/* Begin PBXNativeTarget section */
		9C223CB328F73B1F008F156A /* MasCover-iOS */ = {
			isa = PBXNativeTarget;
			buildConfigurationList = 9C223CE128F73B23008F156A /* Build configuration list for PBXNativeTarget "MasCover-iOS" */;
			buildPhases = (
				C3AA3A11D6AE377408F0D5B4 /* [CP] Check Pods Manifest.lock */,
				9C223CB028F73B1F008F156A /* Sources */,
				9C223CB128F73B1F008F156A /* Frameworks */,
				9C223CB228F73B1F008F156A /* Resources */,
				302B0761ACC0A368005585AE /* [CP] Embed Pods Frameworks */,
			);
			buildRules = (
			);
			dependencies = (
			);
			name = "MasCover-iOS";
			packageProductDependencies = (
				9C223CED28F75679008F156A /* FirebaseCrashlytics */,
				9C223CEF28F75679008F156A /* FirebaseFirestore */,
				9C223CF128F75679008F156A /* FirebaseStorage */,
			);
			productName = "MasCover-iOS";
			productReference = 9C223CB428F73B1F008F156A /* Mas Cover.app */;
			productType = "com.apple.product-type.application";
		};
		9C223CCC28F73B23008F156A /* MasCover-iOSTests */ = {
			isa = PBXNativeTarget;
			buildConfigurationList = 9C223CE428F73B23008F156A /* Build configuration list for PBXNativeTarget "MasCover-iOSTests" */;
			buildPhases = (
				423C7E060A0E9F729ABCB89B /* [CP] Check Pods Manifest.lock */,
				9C223CC928F73B23008F156A /* Sources */,
				9C223CCA28F73B23008F156A /* Frameworks */,
				9C223CCB28F73B23008F156A /* Resources */,
			);
			buildRules = (
			);
			dependencies = (
				9C223CCF28F73B23008F156A /* PBXTargetDependency */,
			);
			name = "MasCover-iOSTests";
			productName = "MasCover-iOSTests";
			productReference = 9C223CCD28F73B23008F156A /* MasCover-iOSTests.xctest */;
			productType = "com.apple.product-type.bundle.unit-test";
		};
		9C223CD628F73B23008F156A /* MasCover-iOSUITests */ = {
			isa = PBXNativeTarget;
			buildConfigurationList = 9C223CE728F73B23008F156A /* Build configuration list for PBXNativeTarget "MasCover-iOSUITests" */;
			buildPhases = (
				A5EE53EA57646B80F9553B37 /* [CP] Check Pods Manifest.lock */,
				9C223CD328F73B23008F156A /* Sources */,
				9C223CD428F73B23008F156A /* Frameworks */,
				9C223CD528F73B23008F156A /* Resources */,
				C887F0A0ADFF94DE74F6723D /* [CP] Embed Pods Frameworks */,
			);
			buildRules = (
			);
			dependencies = (
				9C223CD928F73B23008F156A /* PBXTargetDependency */,
			);
			name = "MasCover-iOSUITests";
			productName = "MasCover-iOSUITests";
			productReference = 9C223CD728F73B23008F156A /* MasCover-iOSUITests.xctest */;
			productType = "com.apple.product-type.bundle.ui-testing";
		};
/* End PBXNativeTarget section */

/* Begin PBXProject section */
		9C223CAC28F73B1F008F156A /* Project object */ = {
			isa = PBXProject;
			attributes = {
				BuildIndependentTargetsInParallel = 1;
				LastSwiftUpdateCheck = 1330;
				LastUpgradeCheck = 1330;
				TargetAttributes = {
					9C223CB328F73B1F008F156A = {
						CreatedOnToolsVersion = 13.3;
					};
					9C223CCC28F73B23008F156A = {
						CreatedOnToolsVersion = 13.3;
						TestTargetID = 9C223CB328F73B1F008F156A;
					};
					9C223CD628F73B23008F156A = {
						CreatedOnToolsVersion = 13.3;
						TestTargetID = 9C223CB328F73B1F008F156A;
					};
				};
			};
			buildConfigurationList = 9C223CAF28F73B1F008F156A /* Build configuration list for PBXProject "MasCover-iOS" */;
			compatibilityVersion = "Xcode 13.0";
			developmentRegion = en;
			hasScannedForEncodings = 0;
			knownRegions = (
				en,
				Base,
			);
			mainGroup = 9C223CAB28F73B1F008F156A;
			packageReferences = (
				9C223CEC28F75679008F156A /* XCRemoteSwiftPackageReference "firebase-ios-sdk" */,
			);
			productRefGroup = 9C223CB528F73B1F008F156A /* Products */;
			projectDirPath = "";
			projectRoot = "";
			targets = (
				9C223CB328F73B1F008F156A /* MasCover-iOS */,
				9C223CCC28F73B23008F156A /* MasCover-iOSTests */,
				9C223CD628F73B23008F156A /* MasCover-iOSUITests */,
			);
		};
/* End PBXProject section */

/* Begin PBXResourcesBuildPhase section */
		9C223CB228F73B1F008F156A /* Resources */ = {
			isa = PBXResourcesBuildPhase;
			buildActionMask = 2147483647;
			files = (
				9C223CC728F73B23008F156A /* LaunchScreen.storyboard in Resources */,
				9CC9518A2905B54F00A13709 /* DetailViewController.xib in Resources */,
				9CC95185290560FC00A13709 /* CustomWallpaperCell.xib in Resources */,
				9CC951742903062700A13709 /* CategorieCell.xib in Resources */,
				9CC9517929035C6B00A13709 /* WallpapersViewController.xib in Resources */,
				9C696BD528FAB42A0082EC40 /* down.json in Resources */,
				9C696BD328FAB42A0082EC40 /* favourite.json in Resources */,
				9CE91F9C290D780700D70B8C /* SettingViewController.xib in Resources */,
				9C4A8C0F290D851000E76856 /* FavoriteViewController.xib in Resources */,
				9C223CEB28F73B7E008F156A /* GoogleService-Info.plist in Resources */,
				9C4A8C14290EA10400E76856 /* YellowScreenViewController.xib in Resources */,
				9C223CC428F73B23008F156A /* Assets.xcassets in Resources */,
				9C696BD428FAB42A0082EC40 /* loading.json in Resources */,
				9C223CBF28F73B1F008F156A /* Main.storyboard in Resources */,
				9C696BCE28F7715D0082EC40 /* mandarin_regular.ttf in Resources */,
				9C696BDE28FC81660082EC40 /* HomeViewController.xib in Resources */,
			);
			runOnlyForDeploymentPostprocessing = 0;
		};
		9C223CCB28F73B23008F156A /* Resources */ = {
			isa = PBXResourcesBuildPhase;
			buildActionMask = 2147483647;
			files = (
			);
			runOnlyForDeploymentPostprocessing = 0;
		};
		9C223CD528F73B23008F156A /* Resources */ = {
			isa = PBXResourcesBuildPhase;
			buildActionMask = 2147483647;
			files = (
			);
			runOnlyForDeploymentPostprocessing = 0;
		};
/* End PBXResourcesBuildPhase section */

/* Begin PBXShellScriptBuildPhase section */
		302B0761ACC0A368005585AE /* [CP] Embed Pods Frameworks */ = {
			isa = PBXShellScriptBuildPhase;
			buildActionMask = 2147483647;
			files = (
			);
			inputFileListPaths = (
				"${PODS_ROOT}/Target Support Files/Pods-MasCover-iOS/Pods-MasCover-iOS-frameworks-${CONFIGURATION}-input-files.xcfilelist",
			);
			name = "[CP] Embed Pods Frameworks";
			outputFileListPaths = (
				"${PODS_ROOT}/Target Support Files/Pods-MasCover-iOS/Pods-MasCover-iOS-frameworks-${CONFIGURATION}-output-files.xcfilelist",
			);
			runOnlyForDeploymentPostprocessing = 0;
			shellPath = /bin/sh;
			shellScript = "\"${PODS_ROOT}/Target Support Files/Pods-MasCover-iOS/Pods-MasCover-iOS-frameworks.sh\"\n";
			showEnvVarsInLog = 0;
		};
		423C7E060A0E9F729ABCB89B /* [CP] Check Pods Manifest.lock */ = {
			isa = PBXShellScriptBuildPhase;
			buildActionMask = 2147483647;
			files = (
			);
			inputFileListPaths = (
			);
			inputPaths = (
				"${PODS_PODFILE_DIR_PATH}/Podfile.lock",
				"${PODS_ROOT}/Manifest.lock",
			);
			name = "[CP] Check Pods Manifest.lock";
			outputFileListPaths = (
			);
			outputPaths = (
				"$(DERIVED_FILE_DIR)/Pods-MasCover-iOSTests-checkManifestLockResult.txt",
			);
			runOnlyForDeploymentPostprocessing = 0;
			shellPath = /bin/sh;
			shellScript = "diff \"${PODS_PODFILE_DIR_PATH}/Podfile.lock\" \"${PODS_ROOT}/Manifest.lock\" > /dev/null\nif [ $? != 0 ] ; then\n    # print error to STDERR\n    echo \"error: The sandbox is not in sync with the Podfile.lock. Run 'pod install' or update your CocoaPods installation.\" >&2\n    exit 1\nfi\n# This output is used by Xcode 'outputs' to avoid re-running this script phase.\necho \"SUCCESS\" > \"${SCRIPT_OUTPUT_FILE_0}\"\n";
			showEnvVarsInLog = 0;
		};
		A5EE53EA57646B80F9553B37 /* [CP] Check Pods Manifest.lock */ = {
			isa = PBXShellScriptBuildPhase;
			buildActionMask = 2147483647;
			files = (
			);
			inputFileListPaths = (
			);
			inputPaths = (
				"${PODS_PODFILE_DIR_PATH}/Podfile.lock",
				"${PODS_ROOT}/Manifest.lock",
			);
			name = "[CP] Check Pods Manifest.lock";
			outputFileListPaths = (
			);
			outputPaths = (
				"$(DERIVED_FILE_DIR)/Pods-MasCover-iOS-MasCover-iOSUITests-checkManifestLockResult.txt",
			);
			runOnlyForDeploymentPostprocessing = 0;
			shellPath = /bin/sh;
			shellScript = "diff \"${PODS_PODFILE_DIR_PATH}/Podfile.lock\" \"${PODS_ROOT}/Manifest.lock\" > /dev/null\nif [ $? != 0 ] ; then\n    # print error to STDERR\n    echo \"error: The sandbox is not in sync with the Podfile.lock. Run 'pod install' or update your CocoaPods installation.\" >&2\n    exit 1\nfi\n# This output is used by Xcode 'outputs' to avoid re-running this script phase.\necho \"SUCCESS\" > \"${SCRIPT_OUTPUT_FILE_0}\"\n";
			showEnvVarsInLog = 0;
		};
		C3AA3A11D6AE377408F0D5B4 /* [CP] Check Pods Manifest.lock */ = {
			isa = PBXShellScriptBuildPhase;
			buildActionMask = 2147483647;
			files = (
			);
			inputFileListPaths = (
			);
			inputPaths = (
				"${PODS_PODFILE_DIR_PATH}/Podfile.lock",
				"${PODS_ROOT}/Manifest.lock",
			);
			name = "[CP] Check Pods Manifest.lock";
			outputFileListPaths = (
			);
			outputPaths = (
				"$(DERIVED_FILE_DIR)/Pods-MasCover-iOS-checkManifestLockResult.txt",
			);
			runOnlyForDeploymentPostprocessing = 0;
			shellPath = /bin/sh;
			shellScript = "diff \"${PODS_PODFILE_DIR_PATH}/Podfile.lock\" \"${PODS_ROOT}/Manifest.lock\" > /dev/null\nif [ $? != 0 ] ; then\n    # print error to STDERR\n    echo \"error: The sandbox is not in sync with the Podfile.lock. Run 'pod install' or update your CocoaPods installation.\" >&2\n    exit 1\nfi\n# This output is used by Xcode 'outputs' to avoid re-running this script phase.\necho \"SUCCESS\" > \"${SCRIPT_OUTPUT_FILE_0}\"\n";
			showEnvVarsInLog = 0;
		};
		C887F0A0ADFF94DE74F6723D /* [CP] Embed Pods Frameworks */ = {
			isa = PBXShellScriptBuildPhase;
			buildActionMask = 2147483647;
			files = (
			);
			inputFileListPaths = (
				"${PODS_ROOT}/Target Support Files/Pods-MasCover-iOS-MasCover-iOSUITests/Pods-MasCover-iOS-MasCover-iOSUITests-frameworks-${CONFIGURATION}-input-files.xcfilelist",
			);
			name = "[CP] Embed Pods Frameworks";
			outputFileListPaths = (
				"${PODS_ROOT}/Target Support Files/Pods-MasCover-iOS-MasCover-iOSUITests/Pods-MasCover-iOS-MasCover-iOSUITests-frameworks-${CONFIGURATION}-output-files.xcfilelist",
			);
			runOnlyForDeploymentPostprocessing = 0;
			shellPath = /bin/sh;
			shellScript = "\"${PODS_ROOT}/Target Support Files/Pods-MasCover-iOS-MasCover-iOSUITests/Pods-MasCover-iOS-MasCover-iOSUITests-frameworks.sh\"\n";
			showEnvVarsInLog = 0;
		};
/* End PBXShellScriptBuildPhase section */

/* Begin PBXSourcesBuildPhase section */
		9C223CB028F73B1F008F156A /* Sources */ = {
			isa = PBXSourcesBuildPhase;
			buildActionMask = 2147483647;
			files = (
				9C696BD828FAFF5E0082EC40 /* UIViewExtension.swift in Sources */,
				9CC951732903062700A13709 /* CategorieCell.swift in Sources */,
				9C223CBC28F73B1F008F156A /* ViewController.swift in Sources */,
				9CE91F9B290D780700D70B8C /* SettingViewController.swift in Sources */,
				9C223CB828F73B1F008F156A /* AppDelegate.swift in Sources */,
				9C223CBA28F73B1F008F156A /* SceneDelegate.swift in Sources */,
				9CC9518029055C4700A13709 /* Wallpaper.swift in Sources */,
				9C4A8C13290EA10400E76856 /* YellowScreenViewController.swift in Sources */,
				9CC95184290560FC00A13709 /* CustomWallpaperCell.swift in Sources */,
				9C223CC228F73B1F008F156A /* MasCover_iOS.xcdatamodeld in Sources */,
				9C4A8C0E290D851000E76856 /* FavoriteViewController.swift in Sources */,
				9CC9517829035C6B00A13709 /* WallpapersViewController.swift in Sources */,
				9C9C8420290F0BE700EE0C42 /* DetailViewController.swift in Sources */,
				9CC951702902F36B00A13709 /* Categorie.swift in Sources */,
				9C696BDD28FC81660082EC40 /* HomeViewController.swift in Sources */,
			);
			runOnlyForDeploymentPostprocessing = 0;
		};
		9C223CC928F73B23008F156A /* Sources */ = {
			isa = PBXSourcesBuildPhase;
			buildActionMask = 2147483647;
			files = (
				9C223CD228F73B23008F156A /* MasCover_iOSTests.swift in Sources */,
			);
			runOnlyForDeploymentPostprocessing = 0;
		};
		9C223CD328F73B23008F156A /* Sources */ = {
			isa = PBXSourcesBuildPhase;
			buildActionMask = 2147483647;
			files = (
				9C223CDE28F73B23008F156A /* MasCover_iOSUITestsLaunchTests.swift in Sources */,
				9C223CDC28F73B23008F156A /* MasCover_iOSUITests.swift in Sources */,
			);
			runOnlyForDeploymentPostprocessing = 0;
		};
/* End PBXSourcesBuildPhase section */

/* Begin PBXTargetDependency section */
		9C223CCF28F73B23008F156A /* PBXTargetDependency */ = {
			isa = PBXTargetDependency;
			target = 9C223CB328F73B1F008F156A /* MasCover-iOS */;
			targetProxy = 9C223CCE28F73B23008F156A /* PBXContainerItemProxy */;
		};
		9C223CD928F73B23008F156A /* PBXTargetDependency */ = {
			isa = PBXTargetDependency;
			target = 9C223CB328F73B1F008F156A /* MasCover-iOS */;
			targetProxy = 9C223CD828F73B23008F156A /* PBXContainerItemProxy */;
		};
/* End PBXTargetDependency section */

/* Begin PBXVariantGroup section */
		9C223CBD28F73B1F008F156A /* Main.storyboard */ = {
			isa = PBXVariantGroup;
			children = (
				9C223CBE28F73B1F008F156A /* Base */,
			);
			name = Main.storyboard;
			sourceTree = "<group>";
		};
		9C223CC528F73B23008F156A /* LaunchScreen.storyboard */ = {
			isa = PBXVariantGroup;
			children = (
				9C223CC628F73B23008F156A /* Base */,
			);
			name = LaunchScreen.storyboard;
			sourceTree = "<group>";
		};
/* End PBXVariantGroup section */

/* Begin XCBuildConfiguration section */
		9C223CDF28F73B23008F156A /* Debug */ = {
			isa = XCBuildConfiguration;
			buildSettings = {
				ALWAYS_SEARCH_USER_PATHS = NO;
				CLANG_ANALYZER_NONNULL = YES;
				CLANG_ANALYZER_NUMBER_OBJECT_CONVERSION = YES_AGGRESSIVE;
				CLANG_CXX_LANGUAGE_STANDARD = "gnu++17";
				CLANG_ENABLE_MODULES = YES;
				CLANG_ENABLE_OBJC_ARC = YES;
				CLANG_ENABLE_OBJC_WEAK = YES;
				CLANG_WARN_BLOCK_CAPTURE_AUTORELEASING = YES;
				CLANG_WARN_BOOL_CONVERSION = YES;
				CLANG_WARN_COMMA = YES;
				CLANG_WARN_CONSTANT_CONVERSION = YES;
				CLANG_WARN_DEPRECATED_OBJC_IMPLEMENTATIONS = YES;
				CLANG_WARN_DIRECT_OBJC_ISA_USAGE = YES_ERROR;
				CLANG_WARN_DOCUMENTATION_COMMENTS = YES;
				CLANG_WARN_EMPTY_BODY = YES;
				CLANG_WARN_ENUM_CONVERSION = YES;
				CLANG_WARN_INFINITE_RECURSION = YES;
				CLANG_WARN_INT_CONVERSION = YES;
				CLANG_WARN_NON_LITERAL_NULL_CONVERSION = YES;
				CLANG_WARN_OBJC_IMPLICIT_RETAIN_SELF = YES;
				CLANG_WARN_OBJC_LITERAL_CONVERSION = YES;
				CLANG_WARN_OBJC_ROOT_CLASS = YES_ERROR;
				CLANG_WARN_QUOTED_INCLUDE_IN_FRAMEWORK_HEADER = YES;
				CLANG_WARN_RANGE_LOOP_ANALYSIS = YES;
				CLANG_WARN_STRICT_PROTOTYPES = YES;
				CLANG_WARN_SUSPICIOUS_MOVE = YES;
				CLANG_WARN_UNGUARDED_AVAILABILITY = YES_AGGRESSIVE;
				CLANG_WARN_UNREACHABLE_CODE = YES;
				CLANG_WARN__DUPLICATE_METHOD_MATCH = YES;
				COPY_PHASE_STRIP = NO;
				DEBUG_INFORMATION_FORMAT = dwarf;
				ENABLE_STRICT_OBJC_MSGSEND = YES;
				ENABLE_TESTABILITY = YES;
				GCC_C_LANGUAGE_STANDARD = gnu11;
				GCC_DYNAMIC_NO_PIC = NO;
				GCC_NO_COMMON_BLOCKS = YES;
				GCC_OPTIMIZATION_LEVEL = 0;
				GCC_PREPROCESSOR_DEFINITIONS = (
					"DEBUG=1",
					"$(inherited)",
				);
				GCC_WARN_64_TO_32_BIT_CONVERSION = YES;
				GCC_WARN_ABOUT_RETURN_TYPE = YES_ERROR;
				GCC_WARN_UNDECLARED_SELECTOR = YES;
				GCC_WARN_UNINITIALIZED_AUTOS = YES_AGGRESSIVE;
				GCC_WARN_UNUSED_FUNCTION = YES;
				GCC_WARN_UNUSED_VARIABLE = YES;
				IPHONEOS_DEPLOYMENT_TARGET = 15.4;
				MTL_ENABLE_DEBUG_INFO = INCLUDE_SOURCE;
				MTL_FAST_MATH = YES;
				ONLY_ACTIVE_ARCH = YES;
				PRODUCT_NAME = "$(TARGET_NAME)";
				SDKROOT = iphoneos;
				SWIFT_ACTIVE_COMPILATION_CONDITIONS = DEBUG;
				SWIFT_OPTIMIZATION_LEVEL = "-Onone";
			};
			name = Debug;
		};
		9C223CE028F73B23008F156A /* Release */ = {
			isa = XCBuildConfiguration;
			buildSettings = {
				ALWAYS_SEARCH_USER_PATHS = NO;
				CLANG_ANALYZER_NONNULL = YES;
				CLANG_ANALYZER_NUMBER_OBJECT_CONVERSION = YES_AGGRESSIVE;
				CLANG_CXX_LANGUAGE_STANDARD = "gnu++17";
				CLANG_ENABLE_MODULES = YES;
				CLANG_ENABLE_OBJC_ARC = YES;
				CLANG_ENABLE_OBJC_WEAK = YES;
				CLANG_WARN_BLOCK_CAPTURE_AUTORELEASING = YES;
				CLANG_WARN_BOOL_CONVERSION = YES;
				CLANG_WARN_COMMA = YES;
				CLANG_WARN_CONSTANT_CONVERSION = YES;
				CLANG_WARN_DEPRECATED_OBJC_IMPLEMENTATIONS = YES;
				CLANG_WARN_DIRECT_OBJC_ISA_USAGE = YES_ERROR;
				CLANG_WARN_DOCUMENTATION_COMMENTS = YES;
				CLANG_WARN_EMPTY_BODY = YES;
				CLANG_WARN_ENUM_CONVERSION = YES;
				CLANG_WARN_INFINITE_RECURSION = YES;
				CLANG_WARN_INT_CONVERSION = YES;
				CLANG_WARN_NON_LITERAL_NULL_CONVERSION = YES;
				CLANG_WARN_OBJC_IMPLICIT_RETAIN_SELF = YES;
				CLANG_WARN_OBJC_LITERAL_CONVERSION = YES;
				CLANG_WARN_OBJC_ROOT_CLASS = YES_ERROR;
				CLANG_WARN_QUOTED_INCLUDE_IN_FRAMEWORK_HEADER = YES;
				CLANG_WARN_RANGE_LOOP_ANALYSIS = YES;
				CLANG_WARN_STRICT_PROTOTYPES = YES;
				CLANG_WARN_SUSPICIOUS_MOVE = YES;
				CLANG_WARN_UNGUARDED_AVAILABILITY = YES_AGGRESSIVE;
				CLANG_WARN_UNREACHABLE_CODE = YES;
				CLANG_WARN__DUPLICATE_METHOD_MATCH = YES;
				COPY_PHASE_STRIP = NO;
				DEBUG_INFORMATION_FORMAT = "dwarf-with-dsym";
				ENABLE_NS_ASSERTIONS = NO;
				ENABLE_STRICT_OBJC_MSGSEND = YES;
				GCC_C_LANGUAGE_STANDARD = gnu11;
				GCC_NO_COMMON_BLOCKS = YES;
				GCC_WARN_64_TO_32_BIT_CONVERSION = YES;
				GCC_WARN_ABOUT_RETURN_TYPE = YES_ERROR;
				GCC_WARN_UNDECLARED_SELECTOR = YES;
				GCC_WARN_UNINITIALIZED_AUTOS = YES_AGGRESSIVE;
				GCC_WARN_UNUSED_FUNCTION = YES;
				GCC_WARN_UNUSED_VARIABLE = YES;
				IPHONEOS_DEPLOYMENT_TARGET = 15.4;
				MTL_ENABLE_DEBUG_INFO = NO;
				MTL_FAST_MATH = YES;
				PRODUCT_NAME = "$(TARGET_NAME)";
				SDKROOT = iphoneos;
				SWIFT_COMPILATION_MODE = wholemodule;
				SWIFT_OPTIMIZATION_LEVEL = "-O";
				VALIDATE_PRODUCT = YES;
			};
			name = Release;
		};
		9C223CE228F73B23008F156A /* Debug */ = {
			isa = XCBuildConfiguration;
			baseConfigurationReference = D25B75957EFF9952EEAAF0D6 /* Pods-MasCover-iOS.debug.xcconfig */;
			buildSettings = {
				ASSETCATALOG_COMPILER_APPICON_NAME = AppIcon;
				ASSETCATALOG_COMPILER_GLOBAL_ACCENT_COLOR_NAME = AccentColor;
				CODE_SIGN_STYLE = Automatic;
				CURRENT_PROJECT_VERSION = 1;
				DEVELOPMENT_TEAM = B379B8Y2BC;
				GENERATE_INFOPLIST_FILE = YES;
				INFOPLIST_FILE = "MasCover-iOS/Info.plist";
				INFOPLIST_KEY_NSPhotoLibraryAddUsageDescription = "Save photos";
				INFOPLIST_KEY_UIApplicationSupportsIndirectInputEvents = YES;
				INFOPLIST_KEY_UILaunchStoryboardName = LaunchScreen;
				INFOPLIST_KEY_UIMainStoryboardFile = Main;
				INFOPLIST_KEY_UISupportedInterfaceOrientations_iPad = "UIInterfaceOrientationPortrait UIInterfaceOrientationPortraitUpsideDown UIInterfaceOrientationLandscapeLeft UIInterfaceOrientationLandscapeRight";
				INFOPLIST_KEY_UISupportedInterfaceOrientations_iPhone = "UIInterfaceOrientationPortrait UIInterfaceOrientationLandscapeLeft UIInterfaceOrientationLandscapeRight";
				LD_RUNPATH_SEARCH_PATHS = (
					"$(inherited)",
					"@executable_path/Frameworks",
				);
				MARKETING_VERSION = 1.0;
				PRODUCT_BUNDLE_IDENTIFIER = "tahadeta.MasCover-iO";
				PRODUCT_NAME = "Mas Cover";
				SWIFT_EMIT_LOC_STRINGS = YES;
				SWIFT_VERSION = 5.0;
				TARGETED_DEVICE_FAMILY = "1,2";
			};
			name = Debug;
		};
		9C223CE328F73B23008F156A /* Release */ = {
			isa = XCBuildConfiguration;
			baseConfigurationReference = 60D70581B0095AA047FEE1DA /* Pods-MasCover-iOS.release.xcconfig */;
			buildSettings = {
				ASSETCATALOG_COMPILER_APPICON_NAME = AppIcon;
				ASSETCATALOG_COMPILER_GLOBAL_ACCENT_COLOR_NAME = AccentColor;
				CODE_SIGN_STYLE = Automatic;
				CURRENT_PROJECT_VERSION = 1;
				DEVELOPMENT_TEAM = B379B8Y2BC;
				GENERATE_INFOPLIST_FILE = YES;
				INFOPLIST_FILE = "MasCover-iOS/Info.plist";
				INFOPLIST_KEY_NSPhotoLibraryAddUsageDescription = "Save photos";
				INFOPLIST_KEY_UIApplicationSupportsIndirectInputEvents = YES;
				INFOPLIST_KEY_UILaunchStoryboardName = LaunchScreen;
				INFOPLIST_KEY_UIMainStoryboardFile = Main;
				INFOPLIST_KEY_UISupportedInterfaceOrientations_iPad = "UIInterfaceOrientationPortrait UIInterfaceOrientationPortraitUpsideDown UIInterfaceOrientationLandscapeLeft UIInterfaceOrientationLandscapeRight";
				INFOPLIST_KEY_UISupportedInterfaceOrientations_iPhone = "UIInterfaceOrientationPortrait UIInterfaceOrientationLandscapeLeft UIInterfaceOrientationLandscapeRight";
				LD_RUNPATH_SEARCH_PATHS = (
					"$(inherited)",
					"@executable_path/Frameworks",
				);
				MARKETING_VERSION = 1.0;
				PRODUCT_BUNDLE_IDENTIFIER = "tahadeta.MasCover-iO";
				PRODUCT_NAME = "Mas Cover";
				SWIFT_EMIT_LOC_STRINGS = YES;
				SWIFT_VERSION = 5.0;
				TARGETED_DEVICE_FAMILY = "1,2";
			};
			name = Release;
		};
		9C223CE528F73B23008F156A /* Debug */ = {
			isa = XCBuildConfiguration;
			baseConfigurationReference = 9BC069E26A494AD98A2E3AE6 /* Pods-MasCover-iOSTests.debug.xcconfig */;
			buildSettings = {
				ALWAYS_EMBED_SWIFT_STANDARD_LIBRARIES = YES;
				BUNDLE_LOADER = "$(TEST_HOST)";
				CODE_SIGN_STYLE = Automatic;
				CURRENT_PROJECT_VERSION = 1;
				GENERATE_INFOPLIST_FILE = YES;
				IPHONEOS_DEPLOYMENT_TARGET = 15.4;
				MARKETING_VERSION = 1.0;
				PRODUCT_BUNDLE_IDENTIFIER = "tahadeta.MasCover-iOSTests";
				PRODUCT_NAME = "$(TARGET_NAME)";
				SWIFT_EMIT_LOC_STRINGS = NO;
				SWIFT_VERSION = 5.0;
				TARGETED_DEVICE_FAMILY = "1,2";
				TEST_HOST = "$(BUILT_PRODUCTS_DIR)/MasCover-iOS.app/MasCover-iOS";
			};
			name = Debug;
		};
		9C223CE628F73B23008F156A /* Release */ = {
			isa = XCBuildConfiguration;
			baseConfigurationReference = 23F26B9F9DF300677DC946FC /* Pods-MasCover-iOSTests.release.xcconfig */;
			buildSettings = {
				ALWAYS_EMBED_SWIFT_STANDARD_LIBRARIES = YES;
				BUNDLE_LOADER = "$(TEST_HOST)";
				CODE_SIGN_STYLE = Automatic;
				CURRENT_PROJECT_VERSION = 1;
				GENERATE_INFOPLIST_FILE = YES;
				IPHONEOS_DEPLOYMENT_TARGET = 15.4;
				MARKETING_VERSION = 1.0;
				PRODUCT_BUNDLE_IDENTIFIER = "tahadeta.MasCover-iOSTests";
				PRODUCT_NAME = "$(TARGET_NAME)";
				SWIFT_EMIT_LOC_STRINGS = NO;
				SWIFT_VERSION = 5.0;
				TARGETED_DEVICE_FAMILY = "1,2";
				TEST_HOST = "$(BUILT_PRODUCTS_DIR)/MasCover-iOS.app/MasCover-iOS";
			};
			name = Release;
		};
		9C223CE828F73B23008F156A /* Debug */ = {
			isa = XCBuildConfiguration;
			baseConfigurationReference = 4FAAFE7028D6791F65FA294B /* Pods-MasCover-iOS-MasCover-iOSUITests.debug.xcconfig */;
			buildSettings = {
				ALWAYS_EMBED_SWIFT_STANDARD_LIBRARIES = YES;
				CODE_SIGN_STYLE = Automatic;
				CURRENT_PROJECT_VERSION = 1;
				GENERATE_INFOPLIST_FILE = YES;
				MARKETING_VERSION = 1.0;
				PRODUCT_BUNDLE_IDENTIFIER = "tahadeta.MasCover-iOSUITests";
				PRODUCT_NAME = "$(TARGET_NAME)";
				SWIFT_EMIT_LOC_STRINGS = NO;
				SWIFT_VERSION = 5.0;
				TARGETED_DEVICE_FAMILY = "1,2";
				TEST_TARGET_NAME = "MasCover-iOS";
			};
			name = Debug;
		};
		9C223CE928F73B23008F156A /* Release */ = {
			isa = XCBuildConfiguration;
			baseConfigurationReference = 494C942A9F39314B1C162D3F /* Pods-MasCover-iOS-MasCover-iOSUITests.release.xcconfig */;
			buildSettings = {
				ALWAYS_EMBED_SWIFT_STANDARD_LIBRARIES = YES;
				CODE_SIGN_STYLE = Automatic;
				CURRENT_PROJECT_VERSION = 1;
				GENERATE_INFOPLIST_FILE = YES;
				MARKETING_VERSION = 1.0;
				PRODUCT_BUNDLE_IDENTIFIER = "tahadeta.MasCover-iOSUITests";
				PRODUCT_NAME = "$(TARGET_NAME)";
				SWIFT_EMIT_LOC_STRINGS = NO;
				SWIFT_VERSION = 5.0;
				TARGETED_DEVICE_FAMILY = "1,2";
				TEST_TARGET_NAME = "MasCover-iOS";
			};
			name = Release;
		};
/* End XCBuildConfiguration section */

/* Begin XCConfigurationList section */
		9C223CAF28F73B1F008F156A /* Build configuration list for PBXProject "MasCover-iOS" */ = {
			isa = XCConfigurationList;
			buildConfigurations = (
				9C223CDF28F73B23008F156A /* Debug */,
				9C223CE028F73B23008F156A /* Release */,
			);
			defaultConfigurationIsVisible = 0;
			defaultConfigurationName = Release;
		};
		9C223CE128F73B23008F156A /* Build configuration list for PBXNativeTarget "MasCover-iOS" */ = {
			isa = XCConfigurationList;
			buildConfigurations = (
				9C223CE228F73B23008F156A /* Debug */,
				9C223CE328F73B23008F156A /* Release */,
			);
			defaultConfigurationIsVisible = 0;
			defaultConfigurationName = Release;
		};
		9C223CE428F73B23008F156A /* Build configuration list for PBXNativeTarget "MasCover-iOSTests" */ = {
			isa = XCConfigurationList;
			buildConfigurations = (
				9C223CE528F73B23008F156A /* Debug */,
				9C223CE628F73B23008F156A /* Release */,
			);
			defaultConfigurationIsVisible = 0;
			defaultConfigurationName = Release;
		};
		9C223CE728F73B23008F156A /* Build configuration list for PBXNativeTarget "MasCover-iOSUITests" */ = {
			isa = XCConfigurationList;
			buildConfigurations = (
				9C223CE828F73B23008F156A /* Debug */,
				9C223CE928F73B23008F156A /* Release */,
			);
			defaultConfigurationIsVisible = 0;
			defaultConfigurationName = Release;
		};
/* End XCConfigurationList section */

/* Begin XCRemoteSwiftPackageReference section */
		9C223CEC28F75679008F156A /* XCRemoteSwiftPackageReference "firebase-ios-sdk" */ = {
			isa = XCRemoteSwiftPackageReference;
			repositoryURL = "https://github.com/firebase/firebase-ios-sdk";
			requirement = {
				branch = master;
				kind = branch;
			};
		};
/* End XCRemoteSwiftPackageReference section */

/* Begin XCSwiftPackageProductDependency section */
		9C223CED28F75679008F156A /* FirebaseCrashlytics */ = {
			isa = XCSwiftPackageProductDependency;
			package = 9C223CEC28F75679008F156A /* XCRemoteSwiftPackageReference "firebase-ios-sdk" */;
			productName = FirebaseCrashlytics;
		};
		9C223CEF28F75679008F156A /* FirebaseFirestore */ = {
			isa = XCSwiftPackageProductDependency;
			package = 9C223CEC28F75679008F156A /* XCRemoteSwiftPackageReference "firebase-ios-sdk" */;
			productName = FirebaseFirestore;
		};
		9C223CF128F75679008F156A /* FirebaseStorage */ = {
			isa = XCSwiftPackageProductDependency;
			package = 9C223CEC28F75679008F156A /* XCRemoteSwiftPackageReference "firebase-ios-sdk" */;
			productName = FirebaseStorage;
		};
/* End XCSwiftPackageProductDependency section */

/* Begin XCVersionGroup section */
		9C223CC028F73B1F008F156A /* MasCover_iOS.xcdatamodeld */ = {
			isa = XCVersionGroup;
			children = (
				9C223CC128F73B1F008F156A /* MasCover_iOS.xcdatamodel */,
			);
			currentVersion = 9C223CC128F73B1F008F156A /* MasCover_iOS.xcdatamodel */;
			path = MasCover_iOS.xcdatamodeld;
			sourceTree = "<group>";
			versionGroupType = wrapper.xcdatamodel;
		};
/* End XCVersionGroup section */
	};
	rootObject = 9C223CAC28F73B1F008F156A /* Project object */;
}
